{
  "originHash" : "ac81c18d893ed11425f54a44b577e4c84c56af1a2631c9f2f495bab75d9851e4",
  "pins" : [
    {
      "identity" : "swift-collections",
      "kind" : "remoteSourceControl",
      "location" : "https://github.com/apple/swift-collections.git",
      "state" : {
        "revision" : "a0cb0954ecb21e4e31b0070e6ed5674e8556685a",
        "version" : "1.6.0"
      }
    },
    {
      "identity" : "swiftparsec",
      "kind" : "remoteSourceControl",
      "location" : "https://github.com/davedufresne/SwiftParsec.git",
      "state" : {
        "revision" : "00ae75a5e9e0fc790056a8b8ebdf2a1833e7117a",
        "version" : "4.0.1"
      }
    }
  ],
  "version" : 3
}
