{
  "originHash" : "d47079d1940eeaf8b97372da7e76b8c63aa23fab26032bc66a93a5343c18b8dc",
  "pins" : [
    {
      "identity" : "swift-collections",
      "kind" : "remoteSourceControl",
      "location" : "https://github.com/apple/swift-collections.git",
      "state" : {
        "revision" : "a0cb0954ecb21e4e31b0070e6ed5674e8556685a",
        "version" : "1.6.0"
      }
    },
    {
      "identity" : "swiftparsec",
      "kind" : "remoteSourceControl",
      "location" : "https://github.com/davedufresne/SwiftParsec.git",
      "state" : {
        "revision" : "00ae75a5e9e0fc790056a8b8ebdf2a1833e7117a",
        "version" : "4.0.1"
      }
    }
  ],
  "version" : 3
}
